
Microsoft Visual Studio Solution File, Format Version 12.00
# Visual Studio Version 17
VisualStudioVersion = 17.13.35825.156
MinimumVisualStudioVersion = 10.0.40219.1
Project("{FAE04EC0-301F-11D3-BF4B-00C04F79EFBC}") = "Erp.Toolkit.Example", "Erp.Toolkit.Example.csproj", "{F7F7E6DE-DAC5-4274-B316-DE6DE007C257}"
EndProject
Global
	GlobalSection(SolutionConfigurationPlatforms) = preSolution
		Debug|Any CPU = Debug|Any CPU
		Release|Any CPU = Release|Any CPU
	EndGlobalSection
	GlobalSection(ProjectConfigurationPlatforms) = postSolution
		{F7F7E6DE-DAC5-4274-B316-DE6DE007C257}.Debug|Any CPU.ActiveCfg = Debug|Any CPU
		{F7F7E6DE-DAC5-4274-B316-DE6DE007C257}.Debug|Any CPU.Build.0 = Debug|Any CPU
		{F7F7E6DE-DAC5-4274-B316-DE6DE007C257}.Release|Any CPU.ActiveCfg = Release|Any CPU
		{F7F7E6DE-DAC5-4274-B316-DE6DE007C257}.Release|Any CPU.Build.0 = Release|Any CPU
	EndGlobalSection
	GlobalSection(SolutionProperties) = preSolution
		HideSolutionNode = FALSE
	EndGlobalSection
	GlobalSection(ExtensibilityGlobals) = postSolution
		SolutionGuid = {4EB73E83-10BF-420B-9099-32EC90A4DB41}
	EndGlobalSection
EndGlobal
